
Microsoft Visual Studio Solution File, Format Version 12.00
# Visual Studio 14
VisualStudioVersion = 14.0.25420.1
MinimumVisualStudioVersion = 10.0.40219.1
Project("{FAE04EC0-301F-11D3-BF4B-00C04F79EFBC}") = "Cats", "Cats\Cats\Cats.csproj", "{BF2B2472-B75A-489A-8627-3C6497FE74BC}"
EndProject
Project("{FAE04EC0-301F-11D3-BF4B-00C04F79EFBC}") = "Cats.Droid", "Cats\Cats.Droid\Cats.Droid.csproj", "{3945A55B-5E56-490A-B4EB-9F2A215D1DE7}"
EndProject
Project("{FAE04EC0-301F-11D3-BF4B-00C04F79EFBC}") = "Cats.iOS", "Cats\Cats.iOS\Cats.iOS.csproj", "{BCB54620-1E22-4404-9086-806AC5F79868}"
EndProject
Project("{FAE04EC0-301F-11D3-BF4B-00C04F79EFBC}") = "Cats.WinPhone", "Cats\Cats.WinPhone\Cats.WinPhone.csproj", "{2EEAB833-ADA6-4A93-B609-1E2FFF87B0E3}"
EndProject
Project("{FAE04EC0-301F-11D3-BF4B-00C04F79EFBC}") = "Cats.UWP", "Cats\Cats.UWP\Cats.UWP.csproj", "{56CB88E6-54DB-4137-BEB4-0634D9922228}"
EndProject
Project("{FAE04EC0-301F-11D3-BF4B-00C04F79EFBC}") = "Cats.Windows", "Cats\Cats.Windows\Cats.Windows.csproj", "{58AA5E91-7C26-4AEB-B64A-A48E0AC8573A}"
EndProject
Global
	GlobalSection(SolutionConfigurationPlatforms) = preSolution
		Ad-Hoc|Any CPU = Ad-Hoc|Any CPU
		Ad-Hoc|ARM = Ad-Hoc|ARM
		Ad-Hoc|iPhone = Ad-Hoc|iPhone
		Ad-Hoc|iPhoneSimulator = Ad-Hoc|iPhoneSimulator
		Ad-Hoc|x64 = Ad-Hoc|x64
		Ad-Hoc|x86 = Ad-Hoc|x86
		AppStore|Any CPU = AppStore|Any CPU
		AppStore|ARM = AppStore|ARM
		AppStore|iPhone = AppStore|iPhone
		AppStore|iPhoneSimulator = AppStore|iPhoneSimulator
		AppStore|x64 = AppStore|x64
		AppStore|x86 = AppStore|x86
		Debug|Any CPU = Debug|Any CPU
		Debug|ARM = Debug|ARM
		Debug|iPhone = Debug|iPhone
		Debug|iPhoneSimulator = Debug|iPhoneSimulator
		Debug|x64 = Debug|x64
		Debug|x86 = Debug|x86
		Release|Any CPU = Release|Any CPU
		Release|ARM = Release|ARM
		Release|iPhone = Release|iPhone
		Release|iPhoneSimulator = Release|iPhoneSimulator
		Release|x64 = Release|x64
		Release|x86 = Release|x86
	EndGlobalSection
	GlobalSection(ProjectConfigurationPlatforms) = postSolution
		{BF2B2472-B75A-489A-8627-3C6497FE74BC}.Ad-Hoc|Any CPU.ActiveCfg = Release|Any CPU
		{BF2B2472-B75A-489A-8627-3C6497FE74BC}.Ad-Hoc|Any CPU.Build.0 = Release|Any CPU
		{BF2B2472-B75A-489A-8627-3C6497FE74BC}.Ad-Hoc|ARM.ActiveCfg = Release|Any CPU
		{BF2B2472-B75A-489A-8627-3C6497FE74BC}.Ad-Hoc|ARM.Build.0 = Release|Any CPU
		{BF2B2472-B75A-489A-8627-3C6497FE74BC}.Ad-Hoc|iPhone.ActiveCfg = Release|Any CPU
		{BF2B2472-B75A-489A-8627-3C6497FE74BC}.Ad-Hoc|iPhone.Build.0 = Release|Any CPU
		{BF2B2472-B75A-489A-8627-3C6497FE74BC}.Ad-Hoc|iPhoneSimulator.ActiveCfg = Release|Any CPU
		{BF2B2472-B75A-489A-8627-3C6497FE74BC}.Ad-Hoc|iPhoneSimulator.Build.0 = Release|Any CPU
		{BF2B2472-B75A-489A-8627-3C6497FE74BC}.Ad-Hoc|x64.ActiveCfg = Release|Any CPU
		{BF2B2472-B75A-489A-8627-3C6497FE74BC}.Ad-Hoc|x64.Build.0 = Release|Any CPU
		{BF2B2472-B75A-489A-8627-3C6497FE74BC}.Ad-Hoc|x86.ActiveCfg = Release|Any CPU
		{BF2B2472-B75A-489A-8627-3C6497FE74BC}.Ad-Hoc|x86.Build.0 = Release|Any CPU
		{BF2B2472-B75A-489A-8627-3C6497FE74BC}.AppStore|Any CPU.ActiveCfg = Release|Any CPU
		{BF2B2472-B75A-489A-8627-3C6497FE74BC}.AppStore|Any CPU.Build.0 = Release|Any CPU
		{BF2B2472-B75A-489A-8627-3C6497FE74BC}.AppStore|ARM.ActiveCfg = Release|Any CPU
		{BF2B2472-B75A-489A-8627-3C6497FE74BC}.AppStore|ARM.Build.0 = Release|Any CPU
		{BF2B2472-B75A-489A-8627-3C6497FE74BC}.AppStore|iPhone.ActiveCfg = Release|Any CPU
		{BF2B2472-B75A-489A-8627-3C6497FE74BC}.AppStore|iPhone.Build.0 = Release|Any CPU
		{BF2B2472-B75A-489A-8627-3C6497FE74BC}.AppStore|iPhoneSimulator.ActiveCfg = Release|Any CPU
		{BF2B2472-B75A-489A-8627-3C6497FE74BC}.AppStore|iPhoneSimulator.Build.0 = Release|Any CPU
		{BF2B2472-B75A-489A-8627-3C6497FE74BC}.AppStore|x64.ActiveCfg = Release|Any CPU
		{BF2B2472-B75A-489A-8627-3C6497FE74BC}.AppStore|x64.Build.0 = Release|Any CPU
		{BF2B2472-B75A-489A-8627-3C6497FE74BC}.AppStore|x86.ActiveCfg = Release|Any CPU
		{BF2B2472-B75A-489A-8627-3C6497FE74BC}.AppStore|x86.Build.0 = Release|Any CPU
		{BF2B2472-B75A-489A-8627-3C6497FE74BC}.Debug|Any CPU.ActiveCfg = Debug|Any CPU
		{BF2B2472-B75A-489A-8627-3C6497FE74BC}.Debug|Any CPU.Build.0 = Debug|Any CPU
		{BF2B2472-B75A-489A-8627-3C6497FE74BC}.Debug|ARM.ActiveCfg = Debug|Any CPU
		{BF2B2472-B75A-489A-8627-3C6497FE74BC}.Debug|ARM.Build.0 = Debug|Any CPU
		{BF2B2472-B75A-489A-8627-3C6497FE74BC}.Debug|iPhone.ActiveCfg = Debug|Any CPU
		{BF2B2472-B75A-489A-8627-3C6497FE74BC}.Debug|iPhone.Build.0 = Debug|Any CPU
		{BF2B2472-B75A-489A-8627-3C6497FE74BC}.Debug|iPhoneSimulator.ActiveCfg = Debug|Any CPU
		{BF2B2472-B75A-489A-8627-3C6497FE74BC}.Debug|iPhoneSimulator.Build.0 = Debug|Any CPU
		{BF2B2472-B75A-489A-8627-3C6497FE74BC}.Debug|x64.ActiveCfg = Debug|Any CPU
		{BF2B2472-B75A-489A-8627-3C6497FE74BC}.Debug|x64.Build.0 = Debug|Any CPU
		{BF2B2472-B75A-489A-8627-3C6497FE74BC}.Debug|x86.ActiveCfg = Debug|Any CPU
		{BF2B2472-B75A-489A-8627-3C6497FE74BC}.Debug|x86.Build.0 = Debug|Any CPU
		{BF2B2472-B75A-489A-8627-3C6497FE74BC}.Release|Any CPU.ActiveCfg = Release|Any CPU
		{BF2B2472-B75A-489A-8627-3C6497FE74BC}.Release|Any CPU.Build.0 = Release|Any CPU
		{BF2B2472-B75A-489A-8627-3C6497FE74BC}.Release|ARM.ActiveCfg = Release|Any CPU
		{BF2B2472-B75A-489A-8627-3C6497FE74BC}.Release|ARM.Build.0 = Release|Any CPU
		{BF2B2472-B75A-489A-8627-3C6497FE74BC}.Release|iPhone.ActiveCfg = Release|Any CPU
		{BF2B2472-B75A-489A-8627-3C6497FE74BC}.Release|iPhone.Build.0 = Release|Any CPU
		{BF2B2472-B75A-489A-8627-3C6497FE74BC}.Release|iPhoneSimulator.ActiveCfg = Release|Any CPU
		{BF2B2472-B75A-489A-8627-3C6497FE74BC}.Release|iPhoneSimulator.Build.0 = Release|Any CPU
		{BF2B2472-B75A-489A-8627-3C6497FE74BC}.Release|x64.ActiveCfg = Release|Any CPU
		{BF2B2472-B75A-489A-8627-3C6497FE74BC}.Release|x64.Build.0 = Release|Any CPU
		{BF2B2472-B75A-489A-8627-3C6497FE74BC}.Release|x86.ActiveCfg = Release|Any CPU
		{BF2B2472-B75A-489A-8627-3C6497FE74BC}.Release|x86.Build.0 = Release|Any CPU
		{3945A55B-5E56-490A-B4EB-9F2A215D1DE7}.Ad-Hoc|Any CPU.ActiveCfg = Release|Any CPU
		{3945A55B-5E56-490A-B4EB-9F2A215D1DE7}.Ad-Hoc|Any CPU.Build.0 = Release|Any CPU
		{3945A55B-5E56-490A-B4EB-9F2A215D1DE7}.Ad-Hoc|Any CPU.Deploy.0 = Release|Any CPU
		{3945A55B-5E56-490A-B4EB-9F2A215D1DE7}.Ad-Hoc|ARM.ActiveCfg = Release|Any CPU
		{3945A55B-5E56-490A-B4EB-9F2A215D1DE7}.Ad-Hoc|ARM.Build.0 = Release|Any CPU
		{3945A55B-5E56-490A-B4EB-9F2A215D1DE7}.Ad-Hoc|ARM.Deploy.0 = Release|Any CPU
		{3945A55B-5E56-490A-B4EB-9F2A215D1DE7}.Ad-Hoc|iPhone.ActiveCfg = Release|Any CPU
		{3945A55B-5E56-490A-B4EB-9F2A215D1DE7}.Ad-Hoc|iPhone.Build.0 = Release|Any CPU
		{3945A55B-5E56-490A-B4EB-9F2A215D1DE7}.Ad-Hoc|iPhone.Deploy.0 = Release|Any CPU
		{3945A55B-5E56-490A-B4EB-9F2A215D1DE7}.Ad-Hoc|iPhoneSimulator.ActiveCfg = Release|Any CPU
		{3945A55B-5E56-490A-B4EB-9F2A215D1DE7}.Ad-Hoc|iPhoneSimulator.Build.0 = Release|Any CPU
		{3945A55B-5E56-490A-B4EB-9F2A215D1DE7}.Ad-Hoc|iPhoneSimulator.Deploy.0 = Release|Any CPU
		{3945A55B-5E56-490A-B4EB-9F2A215D1DE7}.Ad-Hoc|x64.ActiveCfg = Release|Any CPU
		{3945A55B-5E56-490A-B4EB-9F2A215D1DE7}.Ad-Hoc|x64.Build.0 = Release|Any CPU
		{3945A55B-5E56-490A-B4EB-9F2A215D1DE7}.Ad-Hoc|x64.Deploy.0 = Release|Any CPU
		{3945A55B-5E56-490A-B4EB-9F2A215D1DE7}.Ad-Hoc|x86.ActiveCfg = Release|Any CPU
		{3945A55B-5E56-490A-B4EB-9F2A215D1DE7}.Ad-Hoc|x86.Build.0 = Release|Any CPU
		{3945A55B-5E56-490A-B4EB-9F2A215D1DE7}.Ad-Hoc|x86.Deploy.0 = Release|Any CPU
		{3945A55B-5E56-490A-B4EB-9F2A215D1DE7}.AppStore|Any CPU.ActiveCfg = Release|Any CPU
		{3945A55B-5E56-490A-B4EB-9F2A215D1DE7}.AppStore|Any CPU.Build.0 = Release|Any CPU
		{3945A55B-5E56-490A-B4EB-9F2A215D1DE7}.AppStore|Any CPU.Deploy.0 = Release|Any CPU
		{3945A55B-5E56-490A-B4EB-9F2A215D1DE7}.AppStore|ARM.ActiveCfg = Release|Any CPU
		{3945A55B-5E56-490A-B4EB-9F2A215D1DE7}.AppStore|ARM.Build.0 = Release|Any CPU
		{3945A55B-5E56-490A-B4EB-9F2A215D1DE7}.AppStore|ARM.Deploy.0 = Release|Any CPU
		{3945A55B-5E56-490A-B4EB-9F2A215D1DE7}.AppStore|iPhone.ActiveCfg = Release|Any CPU
		{3945A55B-5E56-490A-B4EB-9F2A215D1DE7}.AppStore|iPhone.Build.0 = Release|Any CPU
		{3945A55B-5E56-490A-B4EB-9F2A215D1DE7}.AppStore|iPhone.Deploy.0 = Release|Any CPU
		{3945A55B-5E56-490A-B4EB-9F2A215D1DE7}.AppStore|iPhoneSimulator.ActiveCfg = Release|Any CPU
		{3945A55B-5E56-490A-B4EB-9F2A215D1DE7}.AppStore|iPhoneSimulator.Build.0 = Release|Any CPU
		{3945A55B-5E56-490A-B4EB-9F2A215D1DE7}.AppStore|iPhoneSimulator.Deploy.0 = Release|Any CPU
		{3945A55B-5E56-490A-B4EB-9F2A215D1DE7}.AppStore|x64.ActiveCfg = Release|Any CPU
		{3945A55B-5E56-490A-B4EB-9F2A215D1DE7}.AppStore|x64.Build.0 = Release|Any CPU
		{3945A55B-5E56-490A-B4EB-9F2A215D1DE7}.AppStore|x64.Deploy.0 = Release|Any CPU
		{3945A55B-5E56-490A-B4EB-9F2A215D1DE7}.AppStore|x86.ActiveCfg = Release|Any CPU
		{3945A55B-5E56-490A-B4EB-9F2A215D1DE7}.AppStore|x86.Build.0 = Release|Any CPU
		{3945A55B-5E56-490A-B4EB-9F2A215D1DE7}.AppStore|x86.Deploy.0 = Release|Any CPU
		{3945A55B-5E56-490A-B4EB-9F2A215D1DE7}.Debug|Any CPU.ActiveCfg = Debug|Any CPU
		{3945A55B-5E56-490A-B4EB-9F2A215D1DE7}.Debug|Any CPU.Build.0 = Debug|Any CPU
		{3945A55B-5E56-490A-B4EB-9F2A215D1DE7}.Debug|Any CPU.Deploy.0 = Debug|Any CPU
		{3945A55B-5E56-490A-B4EB-9F2A215D1DE7}.Debug|ARM.ActiveCfg = Debug|Any CPU
		{3945A55B-5E56-490A-B4EB-9F2A215D1DE7}.Debug|ARM.Build.0 = Debug|Any CPU
		{3945A55B-5E56-490A-B4EB-9F2A215D1DE7}.Debug|ARM.Deploy.0 = Debug|Any CPU
		{3945A55B-5E56-490A-B4EB-9F2A215D1DE7}.Debug|iPhone.ActiveCfg = Debug|Any CPU
		{3945A55B-5E56-490A-B4EB-9F2A215D1DE7}.Debug|iPhone.Build.0 = Debug|Any CPU
		{3945A55B-5E56-490A-B4EB-9F2A215D1DE7}.Debug|iPhone.Deploy.0 = Debug|Any CPU
		{3945A55B-5E56-490A-B4EB-9F2A215D1DE7}.Debug|iPhoneSimulator.ActiveCfg = Debug|Any CPU
		{3945A55B-5E56-490A-B4EB-9F2A215D1DE7}.Debug|iPhoneSimulator.Build.0 = Debug|Any CPU
		{3945A55B-5E56-490A-B4EB-9F2A215D1DE7}.Debug|iPhoneSimulator.Deploy.0 = Debug|Any CPU
		{3945A55B-5E56-490A-B4EB-9F2A215D1DE7}.Debug|x64.ActiveCfg = Debug|Any CPU
		{3945A55B-5E56-490A-B4EB-9F2A215D1DE7}.Debug|x64.Build.0 = Debug|Any CPU
		{3945A55B-5E56-490A-B4EB-9F2A215D1DE7}.Debug|x64.Deploy.0 = Debug|Any CPU
		{3945A55B-5E56-490A-B4EB-9F2A215D1DE7}.Debug|x86.ActiveCfg = Debug|Any CPU
		{3945A55B-5E56-490A-B4EB-9F2A215D1DE7}.Debug|x86.Build.0 = Debug|Any CPU
		{3945A55B-5E56-490A-B4EB-9F2A215D1DE7}.Debug|x86.Deploy.0 = Debug|Any CPU
		{3945A55B-5E56-490A-B4EB-9F2A215D1DE7}.Release|Any CPU.ActiveCfg = Release|Any CPU
		{3945A55B-5E56-490A-B4EB-9F2A215D1DE7}.Release|Any CPU.Build.0 = Release|Any CPU
		{3945A55B-5E56-490A-B4EB-9F2A215D1DE7}.Release|Any CPU.Deploy.0 = Release|Any CPU
		{3945A55B-5E56-490A-B4EB-9F2A215D1DE7}.Release|ARM.ActiveCfg = Release|Any CPU
		{3945A55B-5E56-490A-B4EB-9F2A215D1DE7}.Release|ARM.Build.0 = Release|Any CPU
		{3945A55B-5E56-490A-B4EB-9F2A215D1DE7}.Release|ARM.Deploy.0 = Release|Any CPU
		{3945A55B-5E56-490A-B4EB-9F2A215D1DE7}.Release|iPhone.ActiveCfg = Release|Any CPU
		{3945A55B-5E56-490A-B4EB-9F2A215D1DE7}.Release|iPhone.Build.0 = Release|Any CPU
		{3945A55B-5E56-490A-B4EB-9F2A215D1DE7}.Release|iPhone.Deploy.0 = Release|Any CPU
		{3945A55B-5E56-490A-B4EB-9F2A215D1DE7}.Release|iPhoneSimulator.ActiveCfg = Release|Any CPU
		{3945A55B-5E56-490A-B4EB-9F2A215D1DE7}.Release|iPhoneSimulator.Build.0 = Release|Any CPU
		{3945A55B-5E56-490A-B4EB-9F2A215D1DE7}.Release|iPhoneSimulator.Deploy.0 = Release|Any CPU
		{3945A55B-5E56-490A-B4EB-9F2A215D1DE7}.Release|x64.ActiveCfg = Release|Any CPU
		{3945A55B-5E56-490A-B4EB-9F2A215D1DE7}.Release|x64.Build.0 = Release|Any CPU
		{3945A55B-5E56-490A-B4EB-9F2A215D1DE7}.Release|x64.Deploy.0 = Release|Any CPU
		{3945A55B-5E56-490A-B4EB-9F2A215D1DE7}.Release|x86.ActiveCfg = Release|Any CPU
		{3945A55B-5E56-490A-B4EB-9F2A215D1DE7}.Release|x86.Build.0 = Release|Any CPU
		{3945A55B-5E56-490A-B4EB-9F2A215D1DE7}.Release|x86.Deploy.0 = Release|Any CPU
		{BCB54620-1E22-4404-9086-806AC5F79868}.Ad-Hoc|Any CPU.ActiveCfg = Ad-Hoc|iPhone
		{BCB54620-1E22-4404-9086-806AC5F79868}.Ad-Hoc|ARM.ActiveCfg = Ad-Hoc|iPhone
		{BCB54620-1E22-4404-9086-806AC5F79868}.Ad-Hoc|iPhone.ActiveCfg = Ad-Hoc|iPhone
		{BCB54620-1E22-4404-9086-806AC5F79868}.Ad-Hoc|iPhone.Build.0 = Ad-Hoc|iPhone
		{BCB54620-1E22-4404-9086-806AC5F79868}.Ad-Hoc|iPhoneSimulator.ActiveCfg = Ad-Hoc|iPhoneSimulator
		{BCB54620-1E22-4404-9086-806AC5F79868}.Ad-Hoc|iPhoneSimulator.Build.0 = Ad-Hoc|iPhoneSimulator
		{BCB54620-1E22-4404-9086-806AC5F79868}.Ad-Hoc|x64.ActiveCfg = Ad-Hoc|iPhone
		{BCB54620-1E22-4404-9086-806AC5F79868}.Ad-Hoc|x86.ActiveCfg = Ad-Hoc|iPhone
		{BCB54620-1E22-4404-9086-806AC5F79868}.AppStore|Any CPU.ActiveCfg = AppStore|iPhone
		{BCB54620-1E22-4404-9086-806AC5F79868}.AppStore|ARM.ActiveCfg = AppStore|iPhone
		{BCB54620-1E22-4404-9086-806AC5F79868}.AppStore|iPhone.ActiveCfg = AppStore|iPhone
		{BCB54620-1E22-4404-9086-806AC5F79868}.AppStore|iPhone.Build.0 = AppStore|iPhone
		{BCB54620-1E22-4404-9086-806AC5F79868}.AppStore|iPhoneSimulator.ActiveCfg = AppStore|iPhoneSimulator
		{BCB54620-1E22-4404-9086-806AC5F79868}.AppStore|iPhoneSimulator.Build.0 = AppStore|iPhoneSimulator
		{BCB54620-1E22-4404-9086-806AC5F79868}.AppStore|x64.ActiveCfg = AppStore|iPhone
		{BCB54620-1E22-4404-9086-806AC5F79868}.AppStore|x86.ActiveCfg = AppStore|iPhone
		{BCB54620-1E22-4404-9086-806AC5F79868}.Debug|Any CPU.ActiveCfg = Debug|iPhone
		{BCB54620-1E22-4404-9086-806AC5F79868}.Debug|ARM.ActiveCfg = Debug|iPhone
		{BCB54620-1E22-4404-9086-806AC5F79868}.Debug|iPhone.ActiveCfg = Debug|iPhone
		{BCB54620-1E22-4404-9086-806AC5F79868}.Debug|iPhone.Build.0 = Debug|iPhone
		{BCB54620-1E22-4404-9086-806AC5F79868}.Debug|iPhoneSimulator.ActiveCfg = Debug|iPhoneSimulator
		{BCB54620-1E22-4404-9086-806AC5F79868}.Debug|iPhoneSimulator.Build.0 = Debug|iPhoneSimulator
		{BCB54620-1E22-4404-9086-806AC5F79868}.Debug|x64.ActiveCfg = Debug|iPhone
		{BCB54620-1E22-4404-9086-806AC5F79868}.Debug|x86.ActiveCfg = Debug|iPhone
		{BCB54620-1E22-4404-9086-806AC5F79868}.Release|Any CPU.ActiveCfg = Release|iPhone
		{BCB54620-1E22-4404-9086-806AC5F79868}.Release|ARM.ActiveCfg = Release|iPhone
		{BCB54620-1E22-4404-9086-806AC5F79868}.Release|iPhone.ActiveCfg = Release|iPhone
		{BCB54620-1E22-4404-9086-806AC5F79868}.Release|iPhone.Build.0 = Release|iPhone
		{BCB54620-1E22-4404-9086-806AC5F79868}.Release|iPhoneSimulator.ActiveCfg = Release|iPhoneSimulator
		{BCB54620-1E22-4404-9086-806AC5F79868}.Release|iPhoneSimulator.Build.0 = Release|iPhoneSimulator
		{BCB54620-1E22-4404-9086-806AC5F79868}.Release|x64.ActiveCfg = Release|iPhone
		{BCB54620-1E22-4404-9086-806AC5F79868}.Release|x86.ActiveCfg = Release|iPhone
		{2EEAB833-ADA6-4A93-B609-1E2FFF87B0E3}.Ad-Hoc|Any CPU.ActiveCfg = Release|Any CPU
		{2EEAB833-ADA6-4A93-B609-1E2FFF87B0E3}.Ad-Hoc|Any CPU.Build.0 = Release|Any CPU
		{2EEAB833-ADA6-4A93-B609-1E2FFF87B0E3}.Ad-Hoc|Any CPU.Deploy.0 = Release|Any CPU
		{2EEAB833-ADA6-4A93-B609-1E2FFF87B0E3}.Ad-Hoc|ARM.ActiveCfg = Release|ARM
		{2EEAB833-ADA6-4A93-B609-1E2FFF87B0E3}.Ad-Hoc|ARM.Build.0 = Release|ARM
		{2EEAB833-ADA6-4A93-B609-1E2FFF87B0E3}.Ad-Hoc|ARM.Deploy.0 = Release|ARM
		{2EEAB833-ADA6-4A93-B609-1E2FFF87B0E3}.Ad-Hoc|iPhone.ActiveCfg = Release|Any CPU
		{2EEAB833-ADA6-4A93-B609-1E2FFF87B0E3}.Ad-Hoc|iPhone.Build.0 = Release|Any CPU
		{2EEAB833-ADA6-4A93-B609-1E2FFF87B0E3}.Ad-Hoc|iPhone.Deploy.0 = Release|Any CPU
		{2EEAB833-ADA6-4A93-B609-1E2FFF87B0E3}.Ad-Hoc|iPhoneSimulator.ActiveCfg = Release|Any CPU
		{2EEAB833-ADA6-4A93-B609-1E2FFF87B0E3}.Ad-Hoc|iPhoneSimulator.Build.0 = Release|Any CPU
		{2EEAB833-ADA6-4A93-B609-1E2FFF87B0E3}.Ad-Hoc|iPhoneSimulator.Deploy.0 = Release|Any CPU
		{2EEAB833-ADA6-4A93-B609-1E2FFF87B0E3}.Ad-Hoc|x64.ActiveCfg = Release|Any CPU
		{2EEAB833-ADA6-4A93-B609-1E2FFF87B0E3}.Ad-Hoc|x64.Build.0 = Release|Any CPU
		{2EEAB833-ADA6-4A93-B609-1E2FFF87B0E3}.Ad-Hoc|x64.Deploy.0 = Release|Any CPU
		{2EEAB833-ADA6-4A93-B609-1E2FFF87B0E3}.Ad-Hoc|x86.ActiveCfg = Release|x86
		{2EEAB833-ADA6-4A93-B609-1E2FFF87B0E3}.Ad-Hoc|x86.Build.0 = Release|x86
		{2EEAB833-ADA6-4A93-B609-1E2FFF87B0E3}.Ad-Hoc|x86.Deploy.0 = Release|x86
		{2EEAB833-ADA6-4A93-B609-1E2FFF87B0E3}.AppStore|Any CPU.ActiveCfg = Release|Any CPU
		{2EEAB833-ADA6-4A93-B609-1E2FFF87B0E3}.AppStore|Any CPU.Build.0 = Release|Any CPU
		{2EEAB833-ADA6-4A93-B609-1E2FFF87B0E3}.AppStore|Any CPU.Deploy.0 = Release|Any CPU
		{2EEAB833-ADA6-4A93-B609-1E2FFF87B0E3}.AppStore|ARM.ActiveCfg = Release|ARM
		{2EEAB833-ADA6-4A93-B609-1E2FFF87B0E3}.AppStore|ARM.Build.0 = Release|ARM
		{2EEAB833-ADA6-4A93-B609-1E2FFF87B0E3}.AppStore|ARM.Deploy.0 = Release|ARM
		{2EEAB833-ADA6-4A93-B609-1E2FFF87B0E3}.AppStore|iPhone.ActiveCfg = Release|Any CPU
		{2EEAB833-ADA6-4A93-B609-1E2FFF87B0E3}.AppStore|iPhone.Build.0 = Release|Any CPU
		{2EEAB833-ADA6-4A93-B609-1E2FFF87B0E3}.AppStore|iPhone.Deploy.0 = Release|Any CPU
		{2EEAB833-ADA6-4A93-B609-1E2FFF87B0E3}.AppStore|iPhoneSimulator.ActiveCfg = Release|Any CPU
		{2EEAB833-ADA6-4A93-B609-1E2FFF87B0E3}.AppStore|iPhoneSimulator.Build.0 = Release|Any CPU
		{2EEAB833-ADA6-4A93-B609-1E2FFF87B0E3}.AppStore|iPhoneSimulator.Deploy.0 = Release|Any CPU
		{2EEAB833-ADA6-4A93-B609-1E2FFF87B0E3}.AppStore|x64.ActiveCfg = Release|Any CPU
		{2EEAB833-ADA6-4A93-B609-1E2FFF87B0E3}.AppStore|x64.Build.0 = Release|Any CPU
		{2EEAB833-ADA6-4A93-B609-1E2FFF87B0E3}.AppStore|x64.Deploy.0 = Release|Any CPU
		{2EEAB833-ADA6-4A93-B609-1E2FFF87B0E3}.AppStore|x86.ActiveCfg = Release|x86
		{2EEAB833-ADA6-4A93-B609-1E2FFF87B0E3}.AppStore|x86.Build.0 = Release|x86
		{2EEAB833-ADA6-4A93-B609-1E2FFF87B0E3}.AppStore|x86.Deploy.0 = Release|x86
		{2EEAB833-ADA6-4A93-B609-1E2FFF87B0E3}.Debug|Any CPU.ActiveCfg = Debug|Any CPU
		{2EEAB833-ADA6-4A93-B609-1E2FFF87B0E3}.Debug|Any CPU.Build.0 = Debug|Any CPU
		{2EEAB833-ADA6-4A93-B609-1E2FFF87B0E3}.Debug|Any CPU.Deploy.0 = Debug|Any CPU
		{2EEAB833-ADA6-4A93-B609-1E2FFF87B0E3}.Debug|ARM.ActiveCfg = Debug|ARM
		{2EEAB833-ADA6-4A93-B609-1E2FFF87B0E3}.Debug|ARM.Build.0 = Debug|ARM
		{2EEAB833-ADA6-4A93-B609-1E2FFF87B0E3}.Debug|ARM.Deploy.0 = Debug|ARM
		{2EEAB833-ADA6-4A93-B609-1E2FFF87B0E3}.Debug|iPhone.ActiveCfg = Debug|Any CPU
		{2EEAB833-ADA6-4A93-B609-1E2FFF87B0E3}.Debug|iPhone.Build.0 = Debug|Any CPU
		{2EEAB833-ADA6-4A93-B609-1E2FFF87B0E3}.Debug|iPhone.Deploy.0 = Debug|Any CPU
		{2EEAB833-ADA6-4A93-B609-1E2FFF87B0E3}.Debug|iPhoneSimulator.ActiveCfg = Debug|Any CPU
		{2EEAB833-ADA6-4A93-B609-1E2FFF87B0E3}.Debug|iPhoneSimulator.Build.0 = Debug|Any CPU
		{2EEAB833-ADA6-4A93-B609-1E2FFF87B0E3}.Debug|iPhoneSimulator.Deploy.0 = Debug|Any CPU
		{2EEAB833-ADA6-4A93-B609-1E2FFF87B0E3}.Debug|x64.ActiveCfg = Debug|Any CPU
		{2EEAB833-ADA6-4A93-B609-1E2FFF87B0E3}.Debug|x64.Build.0 = Debug|Any CPU
		{2EEAB833-ADA6-4A93-B609-1E2FFF87B0E3}.Debug|x64.Deploy.0 = Debug|Any CPU
		{2EEAB833-ADA6-4A93-B609-1E2FFF87B0E3}.Debug|x86.ActiveCfg = Debug|x86
		{2EEAB833-ADA6-4A93-B609-1E2FFF87B0E3}.Debug|x86.Build.0 = Debug|x86
		{2EEAB833-ADA6-4A93-B609-1E2FFF87B0E3}.Debug|x86.Deploy.0 = Debug|x86
		{2EEAB833-ADA6-4A93-B609-1E2FFF87B0E3}.Release|Any CPU.ActiveCfg = Release|Any CPU
		{2EEAB833-ADA6-4A93-B609-1E2FFF87B0E3}.Release|Any CPU.Build.0 = Release|Any CPU
		{2EEAB833-ADA6-4A93-B609-1E2FFF87B0E3}.Release|Any CPU.Deploy.0 = Release|Any CPU
		{2EEAB833-ADA6-4A93-B609-1E2FFF87B0E3}.Release|ARM.ActiveCfg = Release|ARM
		{2EEAB833-ADA6-4A93-B609-1E2FFF87B0E3}.Release|ARM.Build.0 = Release|ARM
		{2EEAB833-ADA6-4A93-B609-1E2FFF87B0E3}.Release|ARM.Deploy.0 = Release|ARM
		{2EEAB833-ADA6-4A93-B609-1E2FFF87B0E3}.Release|iPhone.ActiveCfg = Release|Any CPU
		{2EEAB833-ADA6-4A93-B609-1E2FFF87B0E3}.Release|iPhone.Build.0 = Release|Any CPU
		{2EEAB833-ADA6-4A93-B609-1E2FFF87B0E3}.Release|iPhone.Deploy.0 = Release|Any CPU
		{2EEAB833-ADA6-4A93-B609-1E2FFF87B0E3}.Release|iPhoneSimulator.ActiveCfg = Release|Any CPU
		{2EEAB833-ADA6-4A93-B609-1E2FFF87B0E3}.Release|iPhoneSimulator.Build.0 = Release|Any CPU
		{2EEAB833-ADA6-4A93-B609-1E2FFF87B0E3}.Release|iPhoneSimulator.Deploy.0 = Release|Any CPU
		{2EEAB833-ADA6-4A93-B609-1E2FFF87B0E3}.Release|x64.ActiveCfg = Release|Any CPU
		{2EEAB833-ADA6-4A93-B609-1E2FFF87B0E3}.Release|x64.Build.0 = Release|Any CPU
		{2EEAB833-ADA6-4A93-B609-1E2FFF87B0E3}.Release|x64.Deploy.0 = Release|Any CPU
		{2EEAB833-ADA6-4A93-B609-1E2FFF87B0E3}.Release|x86.ActiveCfg = Release|x86
		{2EEAB833-ADA6-4A93-B609-1E2FFF87B0E3}.Release|x86.Build.0 = Release|x86
		{2EEAB833-ADA6-4A93-B609-1E2FFF87B0E3}.Release|x86.Deploy.0 = Release|x86
		{56CB88E6-54DB-4137-BEB4-0634D9922228}.Ad-Hoc|Any CPU.ActiveCfg = Release|x86
		{56CB88E6-54DB-4137-BEB4-0634D9922228}.Ad-Hoc|Any CPU.Build.0 = Release|x86
		{56CB88E6-54DB-4137-BEB4-0634D9922228}.Ad-Hoc|Any CPU.Deploy.0 = Release|x86
		{56CB88E6-54DB-4137-BEB4-0634D9922228}.Ad-Hoc|ARM.ActiveCfg = Release|ARM
		{56CB88E6-54DB-4137-BEB4-0634D9922228}.Ad-Hoc|ARM.Build.0 = Release|ARM
		{56CB88E6-54DB-4137-BEB4-0634D9922228}.Ad-Hoc|ARM.Deploy.0 = Release|ARM
		{56CB88E6-54DB-4137-BEB4-0634D9922228}.Ad-Hoc|iPhone.ActiveCfg = Release|x86
		{56CB88E6-54DB-4137-BEB4-0634D9922228}.Ad-Hoc|iPhone.Build.0 = Release|x86
		{56CB88E6-54DB-4137-BEB4-0634D9922228}.Ad-Hoc|iPhone.Deploy.0 = Release|x86
		{56CB88E6-54DB-4137-BEB4-0634D9922228}.Ad-Hoc|iPhoneSimulator.ActiveCfg = Release|x86
		{56CB88E6-54DB-4137-BEB4-0634D9922228}.Ad-Hoc|iPhoneSimulator.Build.0 = Release|x86
		{56CB88E6-54DB-4137-BEB4-0634D9922228}.Ad-Hoc|iPhoneSimulator.Deploy.0 = Release|x86
		{56CB88E6-54DB-4137-BEB4-0634D9922228}.Ad-Hoc|x64.ActiveCfg = Release|x64
		{56CB88E6-54DB-4137-BEB4-0634D9922228}.Ad-Hoc|x64.Build.0 = Release|x64
		{56CB88E6-54DB-4137-BEB4-0634D9922228}.Ad-Hoc|x64.Deploy.0 = Release|x64
		{56CB88E6-54DB-4137-BEB4-0634D9922228}.Ad-Hoc|x86.ActiveCfg = Release|x86
		{56CB88E6-54DB-4137-BEB4-0634D9922228}.Ad-Hoc|x86.Build.0 = Release|x86
		{56CB88E6-54DB-4137-BEB4-0634D9922228}.Ad-Hoc|x86.Deploy.0 = Release|x86
		{56CB88E6-54DB-4137-BEB4-0634D9922228}.AppStore|Any CPU.ActiveCfg = Release|x86
		{56CB88E6-54DB-4137-BEB4-0634D9922228}.AppStore|Any CPU.Build.0 = Release|x86
		{56CB88E6-54DB-4137-BEB4-0634D9922228}.AppStore|Any CPU.Deploy.0 = Release|x86
		{56CB88E6-54DB-4137-BEB4-0634D9922228}.AppStore|ARM.ActiveCfg = Release|ARM
		{56CB88E6-54DB-4137-BEB4-0634D9922228}.AppStore|ARM.Build.0 = Release|ARM
		{56CB88E6-54DB-4137-BEB4-0634D9922228}.AppStore|ARM.Deploy.0 = Release|ARM
		{56CB88E6-54DB-4137-BEB4-0634D9922228}.AppStore|iPhone.ActiveCfg = Release|x86
		{56CB88E6-54DB-4137-BEB4-0634D9922228}.AppStore|iPhone.Build.0 = Release|x86
		{56CB88E6-54DB-4137-BEB4-0634D9922228}.AppStore|iPhone.Deploy.0 = Release|x86
		{56CB88E6-54DB-4137-BEB4-0634D9922228}.AppStore|iPhoneSimulator.ActiveCfg = Release|x86
		{56CB88E6-54DB-4137-BEB4-0634D9922228}.AppStore|iPhoneSimulator.Build.0 = Release|x86
		{56CB88E6-54DB-4137-BEB4-0634D9922228}.AppStore|iPhoneSimulator.Deploy.0 = Release|x86
		{56CB88E6-54DB-4137-BEB4-0634D9922228}.AppStore|x64.ActiveCfg = Release|x64
		{56CB88E6-54DB-4137-BEB4-0634D9922228}.AppStore|x64.Build.0 = Release|x64
		{56CB88E6-54DB-4137-BEB4-0634D9922228}.AppStore|x64.Deploy.0 = Release|x64
		{56CB88E6-54DB-4137-BEB4-0634D9922228}.AppStore|x86.ActiveCfg = Release|x86
		{56CB88E6-54DB-4137-BEB4-0634D9922228}.AppStore|x86.Build.0 = Release|x86
		{56CB88E6-54DB-4137-BEB4-0634D9922228}.AppStore|x86.Deploy.0 = Release|x86
		{56CB88E6-54DB-4137-BEB4-0634D9922228}.Debug|Any CPU.ActiveCfg = Debug|x86
		{56CB88E6-54DB-4137-BEB4-0634D9922228}.Debug|ARM.ActiveCfg = Debug|ARM
		{56CB88E6-54DB-4137-BEB4-0634D9922228}.Debug|ARM.Build.0 = Debug|ARM
		{56CB88E6-54DB-4137-BEB4-0634D9922228}.Debug|ARM.Deploy.0 = Debug|ARM
		{56CB88E6-54DB-4137-BEB4-0634D9922228}.Debug|iPhone.ActiveCfg = Debug|x86
		{56CB88E6-54DB-4137-BEB4-0634D9922228}.Debug|iPhoneSimulator.ActiveCfg = Debug|x86
		{56CB88E6-54DB-4137-BEB4-0634D9922228}.Debug|x64.ActiveCfg = Debug|x64
		{56CB88E6-54DB-4137-BEB4-0634D9922228}.Debug|x64.Build.0 = Debug|x64
		{56CB88E6-54DB-4137-BEB4-0634D9922228}.Debug|x64.Deploy.0 = Debug|x64
		{56CB88E6-54DB-4137-BEB4-0634D9922228}.Debug|x86.ActiveCfg = Debug|x86
		{56CB88E6-54DB-4137-BEB4-0634D9922228}.Debug|x86.Build.0 = Debug|x86
		{56CB88E6-54DB-4137-BEB4-0634D9922228}.Debug|x86.Deploy.0 = Debug|x86
		{56CB88E6-54DB-4137-BEB4-0634D9922228}.Release|Any CPU.ActiveCfg = Release|x86
		{56CB88E6-54DB-4137-BEB4-0634D9922228}.Release|ARM.ActiveCfg = Release|ARM
		{56CB88E6-54DB-4137-BEB4-0634D9922228}.Release|ARM.Build.0 = Release|ARM
		{56CB88E6-54DB-4137-BEB4-0634D9922228}.Release|ARM.Deploy.0 = Release|ARM
		{56CB88E6-54DB-4137-BEB4-0634D9922228}.Release|iPhone.ActiveCfg = Release|x86
		{56CB88E6-54DB-4137-BEB4-0634D9922228}.Release|iPhoneSimulator.ActiveCfg = Release|x86
		{56CB88E6-54DB-4137-BEB4-0634D9922228}.Release|x64.ActiveCfg = Release|x64
		{56CB88E6-54DB-4137-BEB4-0634D9922228}.Release|x64.Build.0 = Release|x64
		{56CB88E6-54DB-4137-BEB4-0634D9922228}.Release|x64.Deploy.0 = Release|x64
		{56CB88E6-54DB-4137-BEB4-0634D9922228}.Release|x86.ActiveCfg = Release|x86
		{56CB88E6-54DB-4137-BEB4-0634D9922228}.Release|x86.Build.0 = Release|x86
		{56CB88E6-54DB-4137-BEB4-0634D9922228}.Release|x86.Deploy.0 = Release|x86
		{58AA5E91-7C26-4AEB-B64A-A48E0AC8573A}.Ad-Hoc|Any CPU.ActiveCfg = Release|Any CPU
		{58AA5E91-7C26-4AEB-B64A-A48E0AC8573A}.Ad-Hoc|Any CPU.Build.0 = Release|Any CPU
		{58AA5E91-7C26-4AEB-B64A-A48E0AC8573A}.Ad-Hoc|Any CPU.Deploy.0 = Release|Any CPU
		{58AA5E91-7C26-4AEB-B64A-A48E0AC8573A}.Ad-Hoc|ARM.ActiveCfg = Release|ARM
		{58AA5E91-7C26-4AEB-B64A-A48E0AC8573A}.Ad-Hoc|ARM.Build.0 = Release|ARM
		{58AA5E91-7C26-4AEB-B64A-A48E0AC8573A}.Ad-Hoc|ARM.Deploy.0 = Release|ARM
		{58AA5E91-7C26-4AEB-B64A-A48E0AC8573A}.Ad-Hoc|iPhone.ActiveCfg = Release|Any CPU
		{58AA5E91-7C26-4AEB-B64A-A48E0AC8573A}.Ad-Hoc|iPhone.Build.0 = Release|Any CPU
		{58AA5E91-7C26-4AEB-B64A-A48E0AC8573A}.Ad-Hoc|iPhone.Deploy.0 = Release|Any CPU
		{58AA5E91-7C26-4AEB-B64A-A48E0AC8573A}.Ad-Hoc|iPhoneSimulator.ActiveCfg = Release|Any CPU
		{58AA5E91-7C26-4AEB-B64A-A48E0AC8573A}.Ad-Hoc|iPhoneSimulator.Build.0 = Release|Any CPU
		{58AA5E91-7C26-4AEB-B64A-A48E0AC8573A}.Ad-Hoc|iPhoneSimulator.Deploy.0 = Release|Any CPU
		{58AA5E91-7C26-4AEB-B64A-A48E0AC8573A}.Ad-Hoc|x64.ActiveCfg = Release|x64
		{58AA5E91-7C26-4AEB-B64A-A48E0AC8573A}.Ad-Hoc|x64.Build.0 = Release|x64
		{58AA5E91-7C26-4AEB-B64A-A48E0AC8573A}.Ad-Hoc|x64.Deploy.0 = Release|x64
		{58AA5E91-7C26-4AEB-B64A-A48E0AC8573A}.Ad-Hoc|x86.ActiveCfg = Release|x86
		{58AA5E91-7C26-4AEB-B64A-A48E0AC8573A}.Ad-Hoc|x86.Build.0 = Release|x86
		{58AA5E91-7C26-4AEB-B64A-A48E0AC8573A}.Ad-Hoc|x86.Deploy.0 = Release|x86
		{58AA5E91-7C26-4AEB-B64A-A48E0AC8573A}.AppStore|Any CPU.ActiveCfg = Release|Any CPU
		{58AA5E91-7C26-4AEB-B64A-A48E0AC8573A}.AppStore|Any CPU.Build.0 = Release|Any CPU
		{58AA5E91-7C26-4AEB-B64A-A48E0AC8573A}.AppStore|Any CPU.Deploy.0 = Release|Any CPU
		{58AA5E91-7C26-4AEB-B64A-A48E0AC8573A}.AppStore|ARM.ActiveCfg = Release|ARM
		{58AA5E91-7C26-4AEB-B64A-A48E0AC8573A}.AppStore|ARM.Build.0 = Release|ARM
		{58AA5E91-7C26-4AEB-B64A-A48E0AC8573A}.AppStore|ARM.Deploy.0 = Release|ARM
		{58AA5E91-7C26-4AEB-B64A-A48E0AC8573A}.AppStore|iPhone.ActiveCfg = Release|Any CPU
		{58AA5E91-7C26-4AEB-B64A-A48E0AC8573A}.AppStore|iPhone.Build.0 = Release|Any CPU
		{58AA5E91-7C26-4AEB-B64A-A48E0AC8573A}.AppStore|iPhone.Deploy.0 = Release|Any CPU
		{58AA5E91-7C26-4AEB-B64A-A48E0AC8573A}.AppStore|iPhoneSimulator.ActiveCfg = Release|Any CPU
		{58AA5E91-7C26-4AEB-B64A-A48E0AC8573A}.AppStore|iPhoneSimulator.Build.0 = Release|Any CPU
		{58AA5E91-7C26-4AEB-B64A-A48E0AC8573A}.AppStore|iPhoneSimulator.Deploy.0 = Release|Any CPU
		{58AA5E91-7C26-4AEB-B64A-A48E0AC8573A}.AppStore|x64.ActiveCfg = Release|x64
		{58AA5E91-7C26-4AEB-B64A-A48E0AC8573A}.AppStore|x64.Build.0 = Release|x64
		{58AA5E91-7C26-4AEB-B64A-A48E0AC8573A}.AppStore|x64.Deploy.0 = Release|x64
		{58AA5E91-7C26-4AEB-B64A-A48E0AC8573A}.AppStore|x86.ActiveCfg = Release|x86
		{58AA5E91-7C26-4AEB-B64A-A48E0AC8573A}.AppStore|x86.Build.0 = Release|x86
		{58AA5E91-7C26-4AEB-B64A-A48E0AC8573A}.AppStore|x86.Deploy.0 = Release|x86
		{58AA5E91-7C26-4AEB-B64A-A48E0AC8573A}.Debug|Any CPU.ActiveCfg = Debug|Any CPU
		{58AA5E91-7C26-4AEB-B64A-A48E0AC8573A}.Debug|Any CPU.Build.0 = Debug|Any CPU
		{58AA5E91-7C26-4AEB-B64A-A48E0AC8573A}.Debug|Any CPU.Deploy.0 = Debug|Any CPU
		{58AA5E91-7C26-4AEB-B64A-A48E0AC8573A}.Debug|ARM.ActiveCfg = Debug|ARM
		{58AA5E91-7C26-4AEB-B64A-A48E0AC8573A}.Debug|ARM.Build.0 = Debug|ARM
		{58AA5E91-7C26-4AEB-B64A-A48E0AC8573A}.Debug|ARM.Deploy.0 = Debug|ARM
		{58AA5E91-7C26-4AEB-B64A-A48E0AC8573A}.Debug|iPhone.ActiveCfg = Debug|Any CPU
		{58AA5E91-7C26-4AEB-B64A-A48E0AC8573A}.Debug|iPhone.Build.0 = Debug|Any CPU
		{58AA5E91-7C26-4AEB-B64A-A48E0AC8573A}.Debug|iPhone.Deploy.0 = Debug|Any CPU
		{58AA5E91-7C26-4AEB-B64A-A48E0AC8573A}.Debug|iPhoneSimulator.ActiveCfg = Debug|Any CPU
		{58AA5E91-7C26-4AEB-B64A-A48E0AC8573A}.Debug|iPhoneSimulator.Build.0 = Debug|Any CPU
		{58AA5E91-7C26-4AEB-B64A-A48E0AC8573A}.Debug|iPhoneSimulator.Deploy.0 = Debug|Any CPU
		{58AA5E91-7C26-4AEB-B64A-A48E0AC8573A}.Debug|x64.ActiveCfg = Debug|x64
		{58AA5E91-7C26-4AEB-B64A-A48E0AC8573A}.Debug|x64.Build.0 = Debug|x64
		{58AA5E91-7C26-4AEB-B64A-A48E0AC8573A}.Debug|x64.Deploy.0 = Debug|x64
		{58AA5E91-7C26-4AEB-B64A-A48E0AC8573A}.Debug|x86.ActiveCfg = Debug|x86
		{58AA5E91-7C26-4AEB-B64A-A48E0AC8573A}.Debug|x86.Build.0 = Debug|x86
		{58AA5E91-7C26-4AEB-B64A-A48E0AC8573A}.Debug|x86.Deploy.0 = Debug|x86
		{58AA5E91-7C26-4AEB-B64A-A48E0AC8573A}.Release|Any CPU.ActiveCfg = Release|Any CPU
		{58AA5E91-7C26-4AEB-B64A-A48E0AC8573A}.Release|Any CPU.Build.0 = Release|Any CPU
		{58AA5E91-7C26-4AEB-B64A-A48E0AC8573A}.Release|Any CPU.Deploy.0 = Release|Any CPU
		{58AA5E91-7C26-4AEB-B64A-A48E0AC8573A}.Release|ARM.ActiveCfg = Release|ARM
		{58AA5E91-7C26-4AEB-B64A-A48E0AC8573A}.Release|ARM.Build.0 = Release|ARM
		{58AA5E91-7C26-4AEB-B64A-A48E0AC8573A}.Release|ARM.Deploy.0 = Release|ARM
		{58AA5E91-7C26-4AEB-B64A-A48E0AC8573A}.Release|iPhone.ActiveCfg = Release|Any CPU
		{58AA5E91-7C26-4AEB-B64A-A48E0AC8573A}.Release|iPhone.Build.0 = Release|Any CPU
		{58AA5E91-7C26-4AEB-B64A-A48E0AC8573A}.Release|iPhone.Deploy.0 = Release|Any CPU
		{58AA5E91-7C26-4AEB-B64A-A48E0AC8573A}.Release|iPhoneSimulator.ActiveCfg = Release|Any CPU
		{58AA5E91-7C26-4AEB-B64A-A48E0AC8573A}.Release|iPhoneSimulator.Build.0 = Release|Any CPU
		{58AA5E91-7C26-4AEB-B64A-A48E0AC8573A}.Release|iPhoneSimulator.Deploy.0 = Release|Any CPU
		{58AA5E91-7C26-4AEB-B64A-A48E0AC8573A}.Release|x64.ActiveCfg = Release|x64
		{58AA5E91-7C26-4AEB-B64A-A48E0AC8573A}.Release|x64.Build.0 = Release|x64
		{58AA5E91-7C26-4AEB-B64A-A48E0AC8573A}.Release|x64.Deploy.0 = Release|x64
		{58AA5E91-7C26-4AEB-B64A-A48E0AC8573A}.Release|x86.ActiveCfg = Release|x86
		{58AA5E91-7C26-4AEB-B64A-A48E0AC8573A}.Release|x86.Build.0 = Release|x86
		{58AA5E91-7C26-4AEB-B64A-A48E0AC8573A}.Release|x86.Deploy.0 = Release|x86
	EndGlobalSection
	GlobalSection(SolutionProperties) = preSolution
		HideSolutionNode = FALSE
	EndGlobalSection
EndGlobal
